<?xml version="1.0" encoding="utf-8"?>
<Project ToolsVersion="4.0" xmlns="http://schemas.microsoft.com/developer/msbuild/2003">
  <ItemGroup>
    <Filter Include="Source Files">
      <UniqueIdentifier>{4FC737F1-C7A5-4376-A066-2A32D752A2FF}</UniqueIdentifier>
      <Extensions>cpp;c;cc;cxx;def;odl;idl;hpj;bat;asm;asmx</Extensions>
    </Filter>
    <Filter Include="Header Files">
      <UniqueIdentifier>{93995380-89BD-4b04-88EB-625FBE52EBFB}</UniqueIdentifier>
      <Extensions>h;hh;hpp;hxx;hm;inl;inc;ipp;xsd</Extensions>
    </Filter>
    <Filter Include="Resource Files">
      <UniqueIdentifier>{67DA6AB6-F800-4c08-8B7A-83BB121AAD01}</UniqueIdentifier>
      <Extensions>rc;ico;cur;bmp;dlg;rc2;rct;bin;rgs;gif;jpg;jpeg;jpe;resx;tiff;tif;png;wav;mfcribbon-ms</Extensions>
    </Filter>
    <Filter Include="Source Files\Base">
      <UniqueIdentifier>{d82dc269-307e-4a42-8cfb-287c56735fac}</UniqueIdentifier>
    </Filter>
    <Filter Include="Source Files\Game">
      <UniqueIdentifier>{4bf0fbb1-a1f8-431b-91c4-0e9e65d8b00b}</UniqueIdentifier>
    </Filter>
    <Filter Include="Header Files\Base">
      <UniqueIdentifier>{cbe9aa5a-1e3a-4788-bf58-bf7a82e3487c}</UniqueIdentifier>
    </Filter>
    <Filter Include="Header Files\Game">
      <UniqueIdentifier>{db8e7c94-1895-493a-8974-0edbd4046cc6}</UniqueIdentifier>
    </Filter>
  </ItemGroup>
  <ItemGroup>
    <ClCompile Include="SourceCode\main.cpp">
      <Filter>Source Files</Filter>
    </ClCompile>
    <ClCompile Include="SourceCode\Game\Background.cpp">
      <Filter>Source Files\Game</Filter>
    </ClCompile>
    <ClCompile Include="SourceCode\Base\DirectX9.cpp">
      <Filter>Source Files\Base</Filter>
    </ClCompile>
    <ClCompile Include="SourceCode\Base\input.cpp">
      <Filter>Source Files\Base</Filter>
    </ClCompile>
    <ClCompile Include="SourceCode\Base\NumberManager.cpp">
      <Filter>Source Files\Base</Filter>
    </ClCompile>
    <ClCompile Include="SourceCode\Base\sound.cpp">
      <Filter>Source Files\Base</Filter>
    </ClCompile>
    <ClCompile Include="SourceCode\Base\Texture.cpp">
      <Filter>Source Files\Base</Filter>
    </ClCompile>
    <ClCompile Include="SourceCode\Game\Enemy.cpp">
      <Filter>Source Files\Game</Filter>
    </ClCompile>
    <ClCompile Include="SourceCode\Game\EnemyManager.cpp">
      <Filter>Source Files\Game</Filter>
    </ClCompile>
    <ClCompile Include="SourceCode\Game\GameScene.cpp">
      <Filter>Source Files\Game</Filter>
    </ClCompile>
    <ClCompile Include="SourceCode\Game\ResultScene.cpp">
      <Filter>Source Files\Game</Filter>
    </ClCompile>
    <ClCompile Include="SourceCode\Game\SceneManager.cpp">
      <Filter>Source Files\Game</Filter>
    </ClCompile>
    <ClCompile Include="SourceCode\Game\Stage.cpp">
      <Filter>Source Files\Game</Filter>
    </ClCompile>
    <ClCompile Include="SourceCode\Game\TitleScene.cpp">
      <Filter>Source Files\Game</Filter>
    </ClCompile>
    <ClCompile Include="SourceCode\Base\Vector2.cpp">
      <Filter>Source Files\Base</Filter>
    </ClCompile>
    <ClCompile Include="SourceCode\Game\Pen.cpp">
      <Filter>Source Files\Game</Filter>
    </ClCompile>
    <ClCompile Include="SourceCode\Game\GameManager.cpp">
      <Filter>Source Files\Game</Filter>
    </ClCompile>
    <ClCompile Include="SourceCode\Game\TutorialScene.cpp">
      <Filter>Source Files\Game</Filter>
    </ClCompile>
    <ClCompile Include="SourceCode\Game\GameoverScene.cpp">
      <Filter>Source Files\Game</Filter>
    </ClCompile>
    <ClCompile Include="SourceCode\Game\Button.cpp">
      <Filter>Source Files</Filter>
    </ClCompile>
  </ItemGroup>
  <ItemGroup>
    <ClInclude Include="SourceCode\Game\Background.h">
      <Filter>Header Files\Game</Filter>
    </ClInclude>
    <ClInclude Include="SourceCode\Base\DirectX9.h">
      <Filter>Header Files\Base</Filter>
    </ClInclude>
    <ClInclude Include="SourceCode\Game\Enemy.h">
      <Filter>Header Files\Game</Filter>
    </ClInclude>
    <ClInclude Include="SourceCode\Game\EnemyManager.h">
      <Filter>Header Files\Game</Filter>
    </ClInclude>
    <ClInclude Include="SourceCode\Game\Scene.h">
      <Filter>Header Files\Game</Filter>
    </ClInclude>
    <ClInclude Include="SourceCode\Game\Stage.h">
      <Filter>Header Files\Game</Filter>
    </ClInclude>
    <ClInclude Include="SourceCode\Base\input.h">
      <Filter>Header Files\Base</Filter>
    </ClInclude>
    <ClInclude Include="SourceCode\Base\sound.h">
      <Filter>Header Files\Base</Filter>
    </ClInclude>
    <ClInclude Include="SourceCode\Base\Texture.h">
      <Filter>Header Files\Base</Filter>
    </ClInclude>
    <ClInclude Include="SourceCode\Base\NumberManager.h">
      <Filter>Header Files\Base</Filter>
    </ClInclude>
    <ClInclude Include="SourceCode\main.h">
      <Filter>Header Files</Filter>
    </ClInclude>
    <ClInclude Include="SourceCode\Base\Vector2.h">
      <Filter>Header Files\Base</Filter>
    </ClInclude>
    <ClInclude Include="SourceCode\Game\Pen.h">
      <Filter>Header Files\Game</Filter>
    </ClInclude>
    <ClInclude Include="SourceCode\Game\GameManager.h">
      <Filter>Header Files\Game</Filter>
    </ClInclude>
    <ClInclude Include="SourceCode\Game\Button.h">
      <Filter>Header Files</Filter>
    </ClInclude>
  </ItemGroup>
</Project>